// !$*UTF8*$!
{
	archiveVersion = 1;
	classes = {
	};
	objectVersion = 50;
	objects = {

/* Begin PBXBuildFile section */
		574333E82194DA2400656AFF /* AppDelegate.swift in Sources */ = {isa = PBXBuildFile; fileRef = 574333E72194DA2400656AFF /* AppDelegate.swift */; };
		574333EA2194DA2400656AFF /* ViewController.swift in Sources */ = {isa = PBXBuildFile; fileRef = 574333E92194DA2400656AFF /* ViewController.swift */; };
		574333ED2194DA2400656AFF /* Main.storyboard in Resources */ = {isa = PBXBuildFile; fileRef = 574333EB2194DA2400656AFF /* Main.storyboard */; };
		574333EF2194DA2800656AFF /* Assets.xcassets in Resources */ = {isa = PBXBuildFile; fileRef = 574333EE2194DA2800656AFF /* Assets.xcassets */; };
		574333F22194DA2800656AFF /* LaunchScreen.storyboard in Resources */ = {isa = PBXBuildFile; fileRef = 574333F02194DA2800656AFF /* LaunchScreen.storyboard */; };
		574333FD2194DA2900656AFF /* UrnaTests.swift in Sources */ = {isa = PBXBuildFile; fileRef = 574333FC2194DA2900656AFF /* UrnaTests.swift */; };
		574334082194DA2900656AFF /* UrnaUITests.swift in Sources */ = {isa = PBXBuildFile; fileRef = 574334072194DA2900656AFF /* UrnaUITests.swift */; };
		5743341F2194EAE500656AFF /* Eleitor.swift in Sources */ = {isa = PBXBuildFile; fileRef = 5743341E2194EAE500656AFF /* Eleitor.swift */; };
/* End PBXBuildFile section */

/* Begin PBXContainerItemProxy section */
		574333F92194DA2800656AFF /* PBXContainerItemProxy */ = {
			isa = PBXContainerItemProxy;
			containerPortal = 574333DC2194DA2300656AFF /* Project object */;
			proxyType = 1;
			remoteGlobalIDString = 574333E32194DA2400656AFF;
			remoteInfo = Urna;
		};
		574334042194DA2900656AFF /* PBXContainerItemProxy */ = {
			isa = PBXContainerItemProxy;
			containerPortal = 574333DC2194DA2300656AFF /* Project object */;
			proxyType = 1;
			remoteGlobalIDString = 574333E32194DA2400656AFF;
			remoteInfo = Urna;
		};
/* End PBXContainerItemProxy section */

/* Begin PBXFileReference section */
		574333E42194DA2400656AFF /* Urna.app */ = {isa = PBXFileReference; explicitFileType = wrapper.application; includeInIndex = 0; path = Urna.app; sourceTree = BUILT_PRODUCTS_DIR; };
		574333E72194DA2400656AFF /* AppDelegate.swift */ = {isa = PBXFileReference; lastKnownFileType = sourcecode.swift; path = AppDelegate.swift; sourceTree = "<group>"; };
		574333E92194DA2400656AFF /* ViewController.swift */ = {isa = PBXFileReference; lastKnownFileType = sourcecode.swift; path = ViewController.swift; sourceTree = "<group>"; };
		574333EC2194DA2400656AFF /* Base */ = {isa = PBXFileReference; lastKnownFileType = file.storyboard; name = Base; path = Base.lproj/Main.storyboard; sourceTree = "<group>"; };
		574333EE2194DA2800656AFF /* Assets.xcassets */ = {isa = PBXFileReference; lastKnownFileType = folder.assetcatalog; path = Assets.xcassets; sourceTree = "<group>"; };
		574333F12194DA2800656AFF /* Base */ = {isa = PBXFileReference; lastKnownFileType = file.storyboard; name = Base; path = Base.lproj/LaunchScreen.storyboard; sourceTree = "<group>"; };
		574333F32194DA2800656AFF /* Info.plist */ = {isa = PBXFileReference; lastKnownFileType = text.plist.xml; path = Info.plist; sourceTree = "<group>"; };
		574333F82194DA2800656AFF /* UrnaTests.xctest */ = {isa = PBXFileReference; explicitFileType = wrapper.cfbundle; includeInIndex = 0; path = UrnaTests.xctest; sourceTree = BUILT_PRODUCTS_DIR; };
		574333FC2194DA2900656AFF /* UrnaTests.swift */ = {isa = PBXFileReference; lastKnownFileType = sourcecode.swift; path = UrnaTests.swift; sourceTree = "<group>"; };
		574333FE2194DA2900656AFF /* Info.plist */ = {isa = PBXFileReference; lastKnownFileType = text.plist.xml; path = Info.plist; sourceTree = "<group>"; };
		574334032194DA2900656AFF /* UrnaUITests.xctest */ = {isa = PBXFileReference; explicitFileType = wrapper.cfbundle; includeInIndex = 0; path = UrnaUITests.xctest; sourceTree = BUILT_PRODUCTS_DIR; };
		574334072194DA2900656AFF /* UrnaUITests.swift */ = {isa = PBXFileReference; lastKnownFileType = sourcecode.swift; path = UrnaUITests.swift; sourceTree = "<group>"; };
		574334092194DA2900656AFF /* Info.plist */ = {isa = PBXFileReference; lastKnownFileType = text.plist.xml; path = Info.plist; sourceTree = "<group>"; };
		5743341E2194EAE500656AFF /* Eleitor.swift */ = {isa = PBXFileReference; lastKnownFileType = sourcecode.swift; path = Eleitor.swift; sourceTree = "<group>"; };
/* End PBXFileReference section */

/* Begin PBXFrameworksBuildPhase section */
		574333E12194DA2400656AFF /* Frameworks */ = {
			isa = PBXFrameworksBuildPhase;
			buildActionMask = 2147483647;
			files = (
			);
			runOnlyForDeploymentPostprocessing = 0;
		};
		574333F52194DA2800656AFF /* Frameworks */ = {
			isa = PBXFrameworksBuildPhase;
			buildActionMask = 2147483647;
			files = (
			);
			runOnlyForDeploymentPostprocessing = 0;
		};
		574334002194DA2900656AFF /* Frameworks */ = {
			isa = PBXFrameworksBuildPhase;
			buildActionMask = 2147483647;
			files = (
			);
			runOnlyForDeploymentPostprocessing = 0;
		};
/* End PBXFrameworksBuildPhase section */

/* Begin PBXGroup section */
		574333DB2194DA2300656AFF = {
			isa = PBXGroup;
			children = (
				574333E62194DA2400656AFF /* Urna */,
				574333FB2194DA2800656AFF /* UrnaTests */,
				574334062194DA2900656AFF /* UrnaUITests */,
				574333E52194DA2400656AFF /* Products */,
			);
			sourceTree = "<group>";
		};
		574333E52194DA2400656AFF /* Products */ = {
			isa = PBXGroup;
			children = (
				574333E42194DA2400656AFF /* Urna.app */,
				574333F82194DA2800656AFF /* UrnaTests.xctest */,
				574334032194DA2900656AFF /* UrnaUITests.xctest */,
			);
			name = Products;
			sourceTree = "<group>";
		};
		574333E62194DA2400656AFF /* Urna */ = {
			isa = PBXGroup;
			children = (
				574333E72194DA2400656AFF /* AppDelegate.swift */,
				574333E92194DA2400656AFF /* ViewController.swift */,
				574333EB2194DA2400656AFF /* Main.storyboard */,
				574333EE2194DA2800656AFF /* Assets.xcassets */,
				574333F02194DA2800656AFF /* LaunchScreen.storyboard */,
				574333F32194DA2800656AFF /* Info.plist */,
				5743341E2194EAE500656AFF /* Eleitor.swift */,
			);
			path = Urna;
			sourceTree = "<group>";
		};
		574333FB2194DA2800656AFF /* UrnaTests */ = {
			isa = PBXGroup;
			children = (
				574333FC2194DA2900656AFF /* UrnaTests.swift */,
				574333FE2194DA2900656AFF /* Info.plist */,
			);
			path = UrnaTests;
			sourceTree = "<group>";
		};
		574334062194DA2900656AFF /* UrnaUITests */ = {
			isa = PBXGroup;
			children = (
				574334072194DA2900656AFF /* UrnaUITests.swift */,
				574334092194DA2900656AFF /* Info.plist */,
			);
			path = UrnaUITests;
			sourceTree = "<group>";
		};
/* End PBXGroup section */

/* Begin PBXNativeTarget section */
		574333E32194DA2400656AFF /* Urna */ = {
			isa = PBXNativeTarget;
			buildConfigurationList = 5743340C2194DA2900656AFF /* Build configuration list for PBXNativeTarget "Urna" */;
			buildPhases = (
				574333E02194DA2400656AFF /* Sources */,
				574333E12194DA2400656AFF /* Frameworks */,
				574333E22194DA2400656AFF /* Resources */,
			);
			buildRules = (
			);
			dependencies = (
			);
			name = Urna;
			productName = Urna;
			productReference = 574333E42194DA2400656AFF /* Urna.app */;
			productType = "com.apple.product-type.application";
		};
		574333F72194DA2800656AFF /* UrnaTests */ = {
			isa = PBXNativeTarget;
			buildConfigurationList = 5743340F2194DA2900656AFF /* Build configuration list for PBXNativeTarget "UrnaTests" */;
			buildPhases = (
				574333F42194DA2800656AFF /* Sources */,
				574333F52194DA2800656AFF /* Frameworks */,
				574333F62194DA2800656AFF /* Resources */,
			);
			buildRules = (
			);
			dependencies = (
				574333FA2194DA2800656AFF /* PBXTargetDependency */,
			);
			name = UrnaTests;
			productName = UrnaTests;
			productReference = 574333F82194DA2800656AFF /* UrnaTests.xctest */;
			productType = "com.apple.product-type.bundle.unit-test";
		};
		574334022194DA2900656AFF /* UrnaUITests */ = {
			isa = PBXNativeTarget;
			buildConfigurationList = 574334122194DA2900656AFF /* Build configuration list for PBXNativeTarget "UrnaUITests" */;
			buildPhases = (
				574333FF2194DA2900656AFF /* Sources */,
				574334002194DA2900656AFF /* Frameworks */,
				574334012194DA2900656AFF /* Resources */,
			);
			buildRules = (
			);
			dependencies = (
				574334052194DA2900656AFF /* PBXTargetDependency */,
			);
			name = UrnaUITests;
			productName = UrnaUITests;
			productReference = 574334032194DA2900656AFF /* UrnaUITests.xctest */;
			productType = "com.apple.product-type.bundle.ui-testing";
		};
/* End PBXNativeTarget section */

/* Begin PBXProject section */
		574333DC2194DA2300656AFF /* Project object */ = {
			isa = PBXProject;
			attributes = {
				LastSwiftUpdateCheck = 0930;
				LastUpgradeCheck = 0930;
				ORGANIZATIONNAME = Aluno;
				TargetAttributes = {
					574333E32194DA2400656AFF = {
						CreatedOnToolsVersion = 9.3.1;
					};
					574333F72194DA2800656AFF = {
						CreatedOnToolsVersion = 9.3.1;
						TestTargetID = 574333E32194DA2400656AFF;
					};
					574334022194DA2900656AFF = {
						CreatedOnToolsVersion = 9.3.1;
						TestTargetID = 574333E32194DA2400656AFF;
					};
				};
			};
			buildConfigurationList = 574333DF2194DA2300656AFF /* Build configuration list for PBXProject "Urna" */;
			compatibilityVersion = "Xcode 9.3";
			developmentRegion = en;
			hasScannedForEncodings = 0;
			knownRegions = (
				en,
				Base,
			);
			mainGroup = 574333DB2194DA2300656AFF;
			productRefGroup = 574333E52194DA2400656AFF /* Products */;
			projectDirPath = "";
			projectRoot = "";
			targets = (
				574333E32194DA2400656AFF /* Urna */,
				574333F72194DA2800656AFF /* UrnaTests */,
				574334022194DA2900656AFF /* UrnaUITests */,
			);
		};
/* End PBXProject section */

/* Begin PBXResourcesBuildPhase section */
		574333E22194DA2400656AFF /* Resources */ = {
			isa = PBXResourcesBuildPhase;
			buildActionMask = 2147483647;
			files = (
				574333F22194DA2800656AFF /* LaunchScreen.storyboard in Resources */,
				574333EF2194DA2800656AFF /* Assets.xcassets in Resources */,
				574333ED2194DA2400656AFF /* Main.storyboard in Resources */,
			);
			runOnlyForDeploymentPostprocessing = 0;
		};
		574333F62194DA2800656AFF /* Resources */ = {
			isa = PBXResourcesBuildPhase;
			buildActionMask = 2147483647;
			files = (
			);
			runOnlyForDeploymentPostprocessing = 0;
		};
		574334012194DA2900656AFF /* Resources */ = {
			isa = PBXResourcesBuildPhase;
			buildActionMask = 2147483647;
			files = (
			);
			runOnlyForDeploymentPostprocessing = 0;
		};
/* End PBXResourcesBuildPhase section */

/* Begin PBXSourcesBuildPhase section */
		574333E02194DA2400656AFF /* Sources */ = {
			isa = PBXSourcesBuildPhase;
			buildActionMask = 2147483647;
			files = (
				5743341F2194EAE500656AFF /* Eleitor.swift in Sources */,
				574333EA2194DA2400656AFF /* ViewController.swift in Sources */,
				574333E82194DA2400656AFF /* AppDelegate.swift in Sources */,
			);
			runOnlyForDeploymentPostprocessing = 0;
		};
		574333F42194DA2800656AFF /* Sources */ = {
			isa = PBXSourcesBuildPhase;
			buildActionMask = 2147483647;
			files = (
				574333FD2194DA2900656AFF /* UrnaTests.swift in Sources */,
			);
			runOnlyForDeploymentPostprocessing = 0;
		};
		574333FF2194DA2900656AFF /* Sources */ = {
			isa = PBXSourcesBuildPhase;
			buildActionMask = 2147483647;
			files = (
				574334082194DA2900656AFF /* UrnaUITests.swift in Sources */,
			);
			runOnlyForDeploymentPostprocessing = 0;
		};
/* End PBXSourcesBuildPhase section */

/* Begin PBXTargetDependency section */
		574333FA2194DA2800656AFF /* PBXTargetDependency */ = {
			isa = PBXTargetDependency;
			target = 574333E32194DA2400656AFF /* Urna */;
			targetProxy = 574333F92194DA2800656AFF /* PBXContainerItemProxy */;
		};
		574334052194DA2900656AFF /* PBXTargetDependency */ = {
			isa = PBXTargetDependency;
			target = 574333E32194DA2400656AFF /* Urna */;
			targetProxy = 574334042194DA2900656AFF /* PBXContainerItemProxy */;
		};
/* End PBXTargetDependency section */

/* Begin PBXVariantGroup section */
		574333EB2194DA2400656AFF /* Main.storyboard */ = {
			isa = PBXVariantGroup;
			children = (
				574333EC2194DA2400656AFF /* Base */,
			);
			name = Main.storyboard;
			sourceTree = "<group>";
		};
		574333F02194DA2800656AFF /* LaunchScreen.storyboard */ = {
			isa = PBXVariantGroup;
			children = (
				574333F12194DA2800656AFF /* Base */,
			);
			name = LaunchScreen.storyboard;
			sourceTree = "<group>";
		};
/* End PBXVariantGroup section */

/* Begin XCBuildConfiguration section */
		5743340A2194DA2900656AFF /* Debug */ = {
			isa = XCBuildConfiguration;
			buildSettings = {
				ALWAYS_SEARCH_USER_PATHS = NO;
				CLANG_ANALYZER_NONNULL = YES;
				CLANG_ANALYZER_NUMBER_OBJECT_CONVERSION = YES_AGGRESSIVE;
				CLANG_CXX_LANGUAGE_STANDARD = "gnu++14";
				CLANG_CXX_LIBRARY = "libc++";
				CLANG_ENABLE_MODULES = YES;
				CLANG_ENABLE_OBJC_ARC = YES;
				CLANG_ENABLE_OBJC_WEAK = YES;
				CLANG_WARN_BLOCK_CAPTURE_AUTORELEASING = YES;
				CLANG_WARN_BOOL_CONVERSION = YES;
				CLANG_WARN_COMMA = YES;
				CLANG_WARN_CONSTANT_CONVERSION = YES;
				CLANG_WARN_DEPRECATED_OBJC_IMPLEMENTATIONS = YES;
				CLANG_WARN_DIRECT_OBJC_ISA_USAGE = YES_ERROR;
				CLANG_WARN_DOCUMENTATION_COMMENTS = YES;
				CLANG_WARN_EMPTY_BODY = YES;
				CLANG_WARN_ENUM_CONVERSION = YES;
				CLANG_WARN_INFINITE_RECURSION = YES;
				CLANG_WARN_INT_CONVERSION = YES;
				CLANG_WARN_NON_LITERAL_NULL_CONVERSION = YES;
				CLANG_WARN_OBJC_IMPLICIT_RETAIN_SELF = YES;
				CLANG_WARN_OBJC_LITERAL_CONVERSION = YES;
				CLANG_WARN_OBJC_ROOT_CLASS = YES_ERROR;
				CLANG_WARN_RANGE_LOOP_ANALYSIS = YES;
				CLANG_WARN_STRICT_PROTOTYPES = YES;
				CLANG_WARN_SUSPICIOUS_MOVE = YES;
				CLANG_WARN_UNGUARDED_AVAILABILITY = YES_AGGRESSIVE;
				CLANG_WARN_UNREACHABLE_CODE = YES;
				CLANG_WARN__DUPLICATE_METHOD_MATCH = YES;
				CODE_SIGN_IDENTITY = "iPhone Developer";
				COPY_PHASE_STRIP = NO;
				DEBUG_INFORMATION_FORMAT = dwarf;
				ENABLE_STRICT_OBJC_MSGSEND = YES;
				ENABLE_TESTABILITY = YES;
				GCC_C_LANGUAGE_STANDARD = gnu11;
				GCC_DYNAMIC_NO_PIC = NO;
				GCC_NO_COMMON_BLOCKS = YES;
				GCC_OPTIMIZATION_LEVEL = 0;
				GCC_PREPROCESSOR_DEFINITIONS = (
					"DEBUG=1",
					"$(inherited)",
				);
				GCC_WARN_64_TO_32_BIT_CONVERSION = YES;
				GCC_WARN_ABOUT_RETURN_TYPE = YES_ERROR;
				GCC_WARN_UNDECLARED_SELECTOR = YES;
				GCC_WARN_UNINITIALIZED_AUTOS = YES_AGGRESSIVE;
				GCC_WARN_UNUSED_FUNCTION = YES;
				GCC_WARN_UNUSED_VARIABLE = YES;
				IPHONEOS_DEPLOYMENT_TARGET = 11.3;
				MTL_ENABLE_DEBUG_INFO = YES;
				ONLY_ACTIVE_ARCH = YES;
				SDKROOT = iphoneos;
				SWIFT_ACTIVE_COMPILATION_CONDITIONS = DEBUG;
				SWIFT_OPTIMIZATION_LEVEL = "-Onone";
			};
			name = Debug;
		};
		5743340B2194DA2900656AFF /* Release */ = {
			isa = XCBuildConfiguration;
			buildSettings = {
				ALWAYS_SEARCH_USER_PATHS = NO;
				CLANG_ANALYZER_NONNULL = YES;
				CLANG_ANALYZER_NUMBER_OBJECT_CONVERSION = YES_AGGRESSIVE;
				CLANG_CXX_LANGUAGE_STANDARD = "gnu++14";
				CLANG_CXX_LIBRARY = "libc++";
				CLANG_ENABLE_MODULES = YES;
				CLANG_ENABLE_OBJC_ARC = YES;
				CLANG_ENABLE_OBJC_WEAK = YES;
				CLANG_WARN_BLOCK_CAPTURE_AUTORELEASING = YES;
				CLANG_WARN_BOOL_CONVERSION = YES;
				CLANG_WARN_COMMA = YES;
				CLANG_WARN_CONSTANT_CONVERSION = YES;
				CLANG_WARN_DEPRECATED_OBJC_IMPLEMENTATIONS = YES;
				CLANG_WARN_DIRECT_OBJC_ISA_USAGE = YES_ERROR;
				CLANG_WARN_DOCUMENTATION_COMMENTS = YES;
				CLANG_WARN_EMPTY_BODY = YES;
				CLANG_WARN_ENUM_CONVERSION = YES;
				CLANG_WARN_INFINITE_RECURSION = YES;
				CLANG_WARN_INT_CONVERSION = YES;
				CLANG_WARN_NON_LITERAL_NULL_CONVERSION = YES;
				CLANG_WARN_OBJC_IMPLICIT_RETAIN_SELF = YES;
				CLANG_WARN_OBJC_LITERAL_CONVERSION = YES;
				CLANG_WARN_OBJC_ROOT_CLASS = YES_ERROR;
				CLANG_WARN_RANGE_LOOP_ANALYSIS = YES;
				CLANG_WARN_STRICT_PROTOTYPES = YES;
				CLANG_WARN_SUSPICIOUS_MOVE = YES;
				CLANG_WARN_UNGUARDED_AVAILABILITY = YES_AGGRESSIVE;
				CLANG_WARN_UNREACHABLE_CODE = YES;
				CLANG_WARN__DUPLICATE_METHOD_MATCH = YES;
				CODE_SIGN_IDENTITY = "iPhone Developer";
				COPY_PHASE_STRIP = NO;
				DEBUG_INFORMATION_FORMAT = "dwarf-with-dsym";
				ENABLE_NS_ASSERTIONS = NO;
				ENABLE_STRICT_OBJC_MSGSEND = YES;
				GCC_C_LANGUAGE_STANDARD = gnu11;
				GCC_NO_COMMON_BLOCKS = YES;
				GCC_WARN_64_TO_32_BIT_CONVERSION = YES;
				GCC_WARN_ABOUT_RETURN_TYPE = YES_ERROR;
				GCC_WARN_UNDECLARED_SELECTOR = YES;
				GCC_WARN_UNINITIALIZED_AUTOS = YES_AGGRESSIVE;
				GCC_WARN_UNUSED_FUNCTION = YES;
				GCC_WARN_UNUSED_VARIABLE = YES;
				IPHONEOS_DEPLOYMENT_TARGET = 11.3;
				MTL_ENABLE_DEBUG_INFO = NO;
				SDKROOT = iphoneos;
				SWIFT_COMPILATION_MODE = wholemodule;
				SWIFT_OPTIMIZATION_LEVEL = "-O";
				VALIDATE_PRODUCT = YES;
			};
			name = Release;
		};
		5743340D2194DA2900656AFF /* Debug */ = {
			isa = XCBuildConfiguration;
			buildSettings = {
				ASSETCATALOG_COMPILER_APPICON_NAME = AppIcon;
				CODE_SIGN_STYLE = Automatic;
				INFOPLIST_FILE = Urna/Info.plist;
				LD_RUNPATH_SEARCH_PATHS = (
					"$(inherited)",
					"@executable_path/Frameworks",
				);
				PRODUCT_BUNDLE_IDENTIFIER = com.urna.gov.Urna;
				PRODUCT_NAME = "$(TARGET_NAME)";
				SWIFT_VERSION = 4.0;
				TARGETED_DEVICE_FAMILY = "1,2";
			};
			name = Debug;
		};
		5743340E2194DA2900656AFF /* Release */ = {
			isa = XCBuildConfiguration;
			buildSettings = {
				ASSETCATALOG_COMPILER_APPICON_NAME = AppIcon;
				CODE_SIGN_STYLE = Automatic;
				INFOPLIST_FILE = Urna/Info.plist;
				LD_RUNPATH_SEARCH_PATHS = (
					"$(inherited)",
					"@executable_path/Frameworks",
				);
				PRODUCT_BUNDLE_IDENTIFIER = com.urna.gov.Urna;
				PRODUCT_NAME = "$(TARGET_NAME)";
				SWIFT_VERSION = 4.0;
				TARGETED_DEVICE_FAMILY = "1,2";
			};
			name = Release;
		};
		574334102194DA2900656AFF /* Debug */ = {
			isa = XCBuildConfiguration;
			buildSettings = {
				ALWAYS_EMBED_SWIFT_STANDARD_LIBRARIES = YES;
				BUNDLE_LOADER = "$(TEST_HOST)";
				CODE_SIGN_STYLE = Automatic;
				INFOPLIST_FILE = UrnaTests/Info.plist;
				LD_RUNPATH_SEARCH_PATHS = (
					"$(inherited)",
					"@executable_path/Frameworks",
					"@loader_path/Frameworks",
				);
				PRODUCT_BUNDLE_IDENTIFIER = com.urna.gov.UrnaTests;
				PRODUCT_NAME = "$(TARGET_NAME)";
				SWIFT_VERSION = 4.0;
				TARGETED_DEVICE_FAMILY = "1,2";
				TEST_HOST = "$(BUILT_PRODUCTS_DIR)/Urna.app/Urna";
			};
			name = Debug;
		};
		574334112194DA2900656AFF /* Release */ = {
			isa = XCBuildConfiguration;
			buildSettings = {
				ALWAYS_EMBED_SWIFT_STANDARD_LIBRARIES = YES;
				BUNDLE_LOADER = "$(TEST_HOST)";
				CODE_SIGN_STYLE = Automatic;
				INFOPLIST_FILE = UrnaTests/Info.plist;
				LD_RUNPATH_SEARCH_PATHS = (
					"$(inherited)",
					"@executable_path/Frameworks",
					"@loader_path/Frameworks",
				);
				PRODUCT_BUNDLE_IDENTIFIER = com.urna.gov.UrnaTests;
				PRODUCT_NAME = "$(TARGET_NAME)";
				SWIFT_VERSION = 4.0;
				TARGETED_DEVICE_FAMILY = "1,2";
				TEST_HOST = "$(BUILT_PRODUCTS_DIR)/Urna.app/Urna";
			};
			name = Release;
		};
		574334132194DA2900656AFF /* Debug */ = {
			isa = XCBuildConfiguration;
			buildSettings = {
				ALWAYS_EMBED_SWIFT_STANDARD_LIBRARIES = YES;
				CODE_SIGN_STYLE = Automatic;
				INFOPLIST_FILE = UrnaUITests/Info.plist;
				LD_RUNPATH_SEARCH_PATHS = (
					"$(inherited)",
					"@executable_path/Frameworks",
					"@loader_path/Frameworks",
				);
				PRODUCT_BUNDLE_IDENTIFIER = com.urna.gov.UrnaUITests;
				PRODUCT_NAME = "$(TARGET_NAME)";
				SWIFT_VERSION = 4.0;
				TARGETED_DEVICE_FAMILY = "1,2";
				TEST_TARGET_NAME = Urna;
			};
			name = Debug;
		};
		574334142194DA2900656AFF /* Release */ = {
			isa = XCBuildConfiguration;
			buildSettings = {
				ALWAYS_EMBED_SWIFT_STANDARD_LIBRARIES = YES;
				CODE_SIGN_STYLE = Automatic;
				INFOPLIST_FILE = UrnaUITests/Info.plist;
				LD_RUNPATH_SEARCH_PATHS = (
					"$(inherited)",
					"@executable_path/Frameworks",
					"@loader_path/Frameworks",
				);
				PRODUCT_BUNDLE_IDENTIFIER = com.urna.gov.UrnaUITests;
				PRODUCT_NAME = "$(TARGET_NAME)";
				SWIFT_VERSION = 4.0;
				TARGETED_DEVICE_FAMILY = "1,2";
				TEST_TARGET_NAME = Urna;
			};
			name = Release;
		};
/* End XCBuildConfiguration section */

/* Begin XCConfigurationList section */
		574333DF2194DA2300656AFF /* Build configuration list for PBXProject "Urna" */ = {
			isa = XCConfigurationList;
			buildConfigurations = (
				5743340A2194DA2900656AFF /* Debug */,
				5743340B2194DA2900656AFF /* Release */,
			);
			defaultConfigurationIsVisible = 0;
			defaultConfigurationName = Release;
		};
		5743340C2194DA2900656AFF /* Build configuration list for PBXNativeTarget "Urna" */ = {
			isa = XCConfigurationList;
			buildConfigurations = (
				5743340D2194DA2900656AFF /* Debug */,
				5743340E2194DA2900656AFF /* Release */,
			);
			defaultConfigurationIsVisible = 0;
			defaultConfigurationName = Release;
		};
		5743340F2194DA2900656AFF /* Build configuration list for PBXNativeTarget "UrnaTests" */ = {
			isa = XCConfigurationList;
			buildConfigurations = (
				574334102194DA2900656AFF /* Debug */,
				574334112194DA2900656AFF /* Release */,
			);
			defaultConfigurationIsVisible = 0;
			defaultConfigurationName = Release;
		};
		574334122194DA2900656AFF /* Build configuration list for PBXNativeTarget "UrnaUITests" */ = {
			isa = XCConfigurationList;
			buildConfigurations = (
				574334132194DA2900656AFF /* Debug */,
				574334142194DA2900656AFF /* Release */,
			);
			defaultConfigurationIsVisible = 0;
			defaultConfigurationName = Release;
		};
/* End XCConfigurationList section */
	};
	rootObject = 574333DC2194DA2300656AFF /* Project object */;
}
